// !$*UTF8*$!
{
	archiveVersion = 1;
	classes = {
	};
	objectVersion = 50;
	objects = {

/* Begin PBXBuildFile section */
		EB03505F242A230600BADCE1 /* NetworkServiceChangePhone.swift in Sources */ = {isa = PBXBuildFile; fileRef = EB03505E242A230600BADCE1 /* NetworkServiceChangePhone.swift */; };
		EB2419A9242360B5007438D2 /* FirstEnterViewController.swift in Sources */ = {isa = PBXBuildFile; fileRef = EB2419A8242360B5007438D2 /* FirstEnterViewController.swift */; };
		EB2419AB24237C0F007438D2 /* NetworkServiceAccount.swift in Sources */ = {isa = PBXBuildFile; fileRef = EB2419AA24237C0F007438D2 /* NetworkServiceAccount.swift */; };
		EB2419AD2423A274007438D2 /* BillsModel.swift in Sources */ = {isa = PBXBuildFile; fileRef = EB2419AC2423A274007438D2 /* BillsModel.swift */; };
		EB2419DA2424F003007438D2 /* BillCell.swift in Sources */ = {isa = PBXBuildFile; fileRef = EB2419D82424F003007438D2 /* BillCell.swift */; };
		EB2419DB2424F003007438D2 /* BillCell.xib in Resources */ = {isa = PBXBuildFile; fileRef = EB2419D92424F003007438D2 /* BillCell.xib */; };
		EB2419E32426197C007438D2 /* ButtonsCell.swift in Sources */ = {isa = PBXBuildFile; fileRef = EB2419E12426197C007438D2 /* ButtonsCell.swift */; };
		EB2419E42426197C007438D2 /* ButtonsCell.xib in Resources */ = {isa = PBXBuildFile; fileRef = EB2419E22426197C007438D2 /* ButtonsCell.xib */; };
		EB2419E724261D4B007438D2 /* LabelsCell.swift in Sources */ = {isa = PBXBuildFile; fileRef = EB2419E524261D4B007438D2 /* LabelsCell.swift */; };
		EB2419E824261D4B007438D2 /* LabelsCell.xib in Resources */ = {isa = PBXBuildFile; fileRef = EB2419E624261D4B007438D2 /* LabelsCell.xib */; };
		EB93B27D241F991E0082022E /* PersonModel.swift in Sources */ = {isa = PBXBuildFile; fileRef = EB93B27C241F991E0082022E /* PersonModel.swift */; };
		EB93B27F241FE01A0082022E /* NetworkServiceAuth.swift in Sources */ = {isa = PBXBuildFile; fileRef = EB93B27E241FE01A0082022E /* NetworkServiceAuth.swift */; };
		EBA7FFD82427BF6200DAACF6 /* MainViewController.swift in Sources */ = {isa = PBXBuildFile; fileRef = EBA7FFD72427BF6200DAACF6 /* MainViewController.swift */; };
		EBA7FFDC2427CC3000DAACF6 /* PhoneCell.swift in Sources */ = {isa = PBXBuildFile; fileRef = EBA7FFDA2427CC3000DAACF6 /* PhoneCell.swift */; };
		EBA7FFDD2427CC3000DAACF6 /* PhoneCell.xib in Resources */ = {isa = PBXBuildFile; fileRef = EBA7FFDB2427CC3000DAACF6 /* PhoneCell.xib */; };
		EBA7FFE02427D9A800DAACF6 /* MainBillCell.swift in Sources */ = {isa = PBXBuildFile; fileRef = EBA7FFDE2427D9A800DAACF6 /* MainBillCell.swift */; };
		EBA7FFE12427D9A800DAACF6 /* MainBillCell.xib in Resources */ = {isa = PBXBuildFile; fileRef = EBA7FFDF2427D9A800DAACF6 /* MainBillCell.xib */; };
		EBA7FFE42427DA3A00DAACF6 /* MainButtonCell.swift in Sources */ = {isa = PBXBuildFile; fileRef = EBA7FFE22427DA3A00DAACF6 /* MainButtonCell.swift */; };
		EBA7FFE52427DA3A00DAACF6 /* MainButtonCell.xib in Resources */ = {isa = PBXBuildFile; fileRef = EBA7FFE32427DA3A00DAACF6 /* MainButtonCell.xib */; };
		EBB3DE8E241CA28F004247F8 /* AppDelegate.swift in Sources */ = {isa = PBXBuildFile; fileRef = EBB3DE8D241CA28F004247F8 /* AppDelegate.swift */; };
		EBB3DE90241CA28F004247F8 /* SceneDelegate.swift in Sources */ = {isa = PBXBuildFile; fileRef = EBB3DE8F241CA28F004247F8 /* SceneDelegate.swift */; };
		EBB3DE92241CA28F004247F8 /* GreetingViewController.swift in Sources */ = {isa = PBXBuildFile; fileRef = EBB3DE91241CA28F004247F8 /* GreetingViewController.swift */; };
		EBB3DE95241CA28F004247F8 /* Main.storyboard in Resources */ = {isa = PBXBuildFile; fileRef = EBB3DE93241CA28F004247F8 /* Main.storyboard */; };
		EBB3DE97241CA295004247F8 /* Assets.xcassets in Resources */ = {isa = PBXBuildFile; fileRef = EBB3DE96241CA295004247F8 /* Assets.xcassets */; };
		EBB3DE9A241CA295004247F8 /* LaunchScreen.storyboard in Resources */ = {isa = PBXBuildFile; fileRef = EBB3DE98241CA295004247F8 /* LaunchScreen.storyboard */; };
		EBB3DEA8241CE3B3004247F8 /* AddPhoneViewController.swift in Sources */ = {isa = PBXBuildFile; fileRef = EBB3DEA7241CE3B3004247F8 /* AddPhoneViewController.swift */; };
		EBB3DEAC241E6227004247F8 /* PhoneViewController.swift in Sources */ = {isa = PBXBuildFile; fileRef = EBB3DEAB241E6227004247F8 /* PhoneViewController.swift */; };
		EBB3DEAE241E6238004247F8 /* MessageViewController.swift in Sources */ = {isa = PBXBuildFile; fileRef = EBB3DEAD241E6238004247F8 /* MessageViewController.swift */; };
/* End PBXBuildFile section */

/* Begin PBXFileReference section */
		EB03505E242A230600BADCE1 /* NetworkServiceChangePhone.swift */ = {isa = PBXFileReference; lastKnownFileType = sourcecode.swift; path = NetworkServiceChangePhone.swift; sourceTree = "<group>"; };
		EB2419A8242360B5007438D2 /* FirstEnterViewController.swift */ = {isa = PBXFileReference; lastKnownFileType = sourcecode.swift; path = FirstEnterViewController.swift; sourceTree = "<group>"; };
		EB2419AA24237C0F007438D2 /* NetworkServiceAccount.swift */ = {isa = PBXFileReference; lastKnownFileType = sourcecode.swift; path = NetworkServiceAccount.swift; sourceTree = "<group>"; };
		EB2419AC2423A274007438D2 /* BillsModel.swift */ = {isa = PBXFileReference; lastKnownFileType = sourcecode.swift; path = BillsModel.swift; sourceTree = "<group>"; };
		EB2419D82424F003007438D2 /* BillCell.swift */ = {isa = PBXFileReference; lastKnownFileType = sourcecode.swift; name = BillCell.swift; path = BillCell/BillCell.swift; sourceTree = "<group>"; };
		EB2419D92424F003007438D2 /* BillCell.xib */ = {isa = PBXFileReference; lastKnownFileType = file.xib; name = BillCell.xib; path = BillCell/BillCell.xib; sourceTree = "<group>"; };
		EB2419E12426197C007438D2 /* ButtonsCell.swift */ = {isa = PBXFileReference; lastKnownFileType = sourcecode.swift; name = ButtonsCell.swift; path = ButtonsCell/ButtonsCell.swift; sourceTree = "<group>"; };
		EB2419E22426197C007438D2 /* ButtonsCell.xib */ = {isa = PBXFileReference; lastKnownFileType = file.xib; name = ButtonsCell.xib; path = ButtonsCell/ButtonsCell.xib; sourceTree = "<group>"; };
		EB2419E524261D4B007438D2 /* LabelsCell.swift */ = {isa = PBXFileReference; lastKnownFileType = sourcecode.swift; name = LabelsCell.swift; path = LabelsCell/LabelsCell.swift; sourceTree = "<group>"; };
		EB2419E624261D4B007438D2 /* LabelsCell.xib */ = {isa = PBXFileReference; lastKnownFileType = file.xib; name = LabelsCell.xib; path = LabelsCell/LabelsCell.xib; sourceTree = "<group>"; };
		EB93B27C241F991E0082022E /* PersonModel.swift */ = {isa = PBXFileReference; lastKnownFileType = sourcecode.swift; path = PersonModel.swift; sourceTree = "<group>"; };
		EB93B27E241FE01A0082022E /* NetworkServiceAuth.swift */ = {isa = PBXFileReference; lastKnownFileType = sourcecode.swift; name = NetworkServiceAuth.swift; path = VladLink/DataModel/NetworkServiceAuth.swift; sourceTree = SOURCE_ROOT; };
		EBA7FFD72427BF6200DAACF6 /* MainViewController.swift */ = {isa = PBXFileReference; lastKnownFileType = sourcecode.swift; path = MainViewController.swift; sourceTree = "<group>"; };
		EBA7FFDA2427CC3000DAACF6 /* PhoneCell.swift */ = {isa = PBXFileReference; lastKnownFileType = sourcecode.swift; name = PhoneCell.swift; path = PhoneCell/PhoneCell.swift; sourceTree = "<group>"; };
		EBA7FFDB2427CC3000DAACF6 /* PhoneCell.xib */ = {isa = PBXFileReference; lastKnownFileType = file.xib; name = PhoneCell.xib; path = PhoneCell/PhoneCell.xib; sourceTree = "<group>"; };
		EBA7FFDE2427D9A800DAACF6 /* MainBillCell.swift */ = {isa = PBXFileReference; lastKnownFileType = sourcecode.swift; name = MainBillCell.swift; path = MainBillCell/MainBillCell.swift; sourceTree = "<group>"; };
		EBA7FFDF2427D9A800DAACF6 /* MainBillCell.xib */ = {isa = PBXFileReference; lastKnownFileType = file.xib; name = MainBillCell.xib; path = MainBillCell/MainBillCell.xib; sourceTree = "<group>"; };
		EBA7FFE22427DA3A00DAACF6 /* MainButtonCell.swift */ = {isa = PBXFileReference; lastKnownFileType = sourcecode.swift; name = MainButtonCell.swift; path = MainButtonCell/MainButtonCell.swift; sourceTree = "<group>"; };
		EBA7FFE32427DA3A00DAACF6 /* MainButtonCell.xib */ = {isa = PBXFileReference; lastKnownFileType = file.xib; name = MainButtonCell.xib; path = MainButtonCell/MainButtonCell.xib; sourceTree = "<group>"; };
		EBB3DE8A241CA28F004247F8 /* VladLink.app */ = {isa = PBXFileReference; explicitFileType = wrapper.application; includeInIndex = 0; path = VladLink.app; sourceTree = BUILT_PRODUCTS_DIR; };
		EBB3DE8D241CA28F004247F8 /* AppDelegate.swift */ = {isa = PBXFileReference; lastKnownFileType = sourcecode.swift; path = AppDelegate.swift; sourceTree = "<group>"; };
		EBB3DE8F241CA28F004247F8 /* SceneDelegate.swift */ = {isa = PBXFileReference; lastKnownFileType = sourcecode.swift; path = SceneDelegate.swift; sourceTree = "<group>"; };
		EBB3DE91241CA28F004247F8 /* GreetingViewController.swift */ = {isa = PBXFileReference; lastKnownFileType = sourcecode.swift; path = GreetingViewController.swift; sourceTree = "<group>"; };
		EBB3DE94241CA28F004247F8 /* Base */ = {isa = PBXFileReference; lastKnownFileType = file.storyboard; name = Base; path = Base.lproj/Main.storyboard; sourceTree = "<group>"; };
		EBB3DE96241CA295004247F8 /* Assets.xcassets */ = {isa = PBXFileReference; lastKnownFileType = folder.assetcatalog; path = Assets.xcassets; sourceTree = "<group>"; };
		EBB3DE99241CA295004247F8 /* Base */ = {isa = PBXFileReference; lastKnownFileType = file.storyboard; name = Base; path = Base.lproj/LaunchScreen.storyboard; sourceTree = "<group>"; };
		EBB3DE9B241CA295004247F8 /* Info.plist */ = {isa = PBXFileReference; lastKnownFileType = text.plist.xml; path = Info.plist; sourceTree = "<group>"; };
		EBB3DEA7241CE3B3004247F8 /* AddPhoneViewController.swift */ = {isa = PBXFileReference; lastKnownFileType = sourcecode.swift; path = AddPhoneViewController.swift; sourceTree = "<group>"; };
		EBB3DEAB241E6227004247F8 /* PhoneViewController.swift */ = {isa = PBXFileReference; lastKnownFileType = sourcecode.swift; path = PhoneViewController.swift; sourceTree = "<group>"; };
		EBB3DEAD241E6238004247F8 /* MessageViewController.swift */ = {isa = PBXFileReference; lastKnownFileType = sourcecode.swift; path = MessageViewController.swift; sourceTree = "<group>"; };
/* End PBXFileReference section */

/* Begin PBXFrameworksBuildPhase section */
		EBB3DE87241CA28F004247F8 /* Frameworks */ = {
			isa = PBXFrameworksBuildPhase;
			buildActionMask = 2147483647;
			files = (
			);
			runOnlyForDeploymentPostprocessing = 0;
		};
/* End PBXFrameworksBuildPhase section */

/* Begin PBXGroup section */
		EB2419AE2424AE31007438D2 /* ViewController */ = {
			isa = PBXGroup;
			children = (
				EB2419D82424F003007438D2 /* BillCell.swift */,
				EB2419D92424F003007438D2 /* BillCell.xib */,
				EB2419E12426197C007438D2 /* ButtonsCell.swift */,
				EB2419E22426197C007438D2 /* ButtonsCell.xib */,
				EB2419E524261D4B007438D2 /* LabelsCell.swift */,
				EB2419E624261D4B007438D2 /* LabelsCell.xib */,
			);
			path = ViewController;
			sourceTree = "<group>";
		};
		EB93B27B241F99030082022E /* DataModel */ = {
			isa = PBXGroup;
			children = (
				EB93B27C241F991E0082022E /* PersonModel.swift */,
				EB2419AC2423A274007438D2 /* BillsModel.swift */,
			);
			path = DataModel;
			sourceTree = "<group>";
		};
		EBA7FFD92427CAC800DAACF6 /* ViewControllerMain */ = {
			isa = PBXGroup;
			children = (
				EBA7FFDA2427CC3000DAACF6 /* PhoneCell.swift */,
				EBA7FFDB2427CC3000DAACF6 /* PhoneCell.xib */,
				EBA7FFDE2427D9A800DAACF6 /* MainBillCell.swift */,
				EBA7FFDF2427D9A800DAACF6 /* MainBillCell.xib */,
				EBA7FFE22427DA3A00DAACF6 /* MainButtonCell.swift */,
				EBA7FFE32427DA3A00DAACF6 /* MainButtonCell.xib */,
			);
			path = ViewControllerMain;
			sourceTree = "<group>";
		};
		EBB3DE81241CA28F004247F8 = {
			isa = PBXGroup;
			children = (
				EBB3DE8C241CA28F004247F8 /* VladLink */,
				EBB3DE8B241CA28F004247F8 /* Products */,
			);
			sourceTree = "<group>";
		};
		EBB3DE8B241CA28F004247F8 /* Products */ = {
			isa = PBXGroup;
			children = (
				EBB3DE8A241CA28F004247F8 /* VladLink.app */,
			);
			name = Products;
			sourceTree = "<group>";
		};
		EBB3DE8C241CA28F004247F8 /* VladLink */ = {
			isa = PBXGroup;
			children = (
				EBB3DE93241CA28F004247F8 /* Main.storyboard */,
				EBB3DEA1241CA2BE004247F8 /* Views */,
				EB2419AE2424AE31007438D2 /* ViewController */,
				EBA7FFD92427CAC800DAACF6 /* ViewControllerMain */,
				EBB3DEA6241CBCC0004247F8 /* Service */,
				EB93B27B241F99030082022E /* DataModel */,
				EBB3DE8F241CA28F004247F8 /* SceneDelegate.swift */,
				EBB3DE8D241CA28F004247F8 /* AppDelegate.swift */,
				EBB3DE96241CA295004247F8 /* Assets.xcassets */,
				EBB3DE98241CA295004247F8 /* LaunchScreen.storyboard */,
				EBB3DE9B241CA295004247F8 /* Info.plist */,
			);
			path = VladLink;
			sourceTree = "<group>";
		};
		EBB3DEA1241CA2BE004247F8 /* Views */ = {
			isa = PBXGroup;
			children = (
				EBB3DE91241CA28F004247F8 /* GreetingViewController.swift */,
				EBB3DEA7241CE3B3004247F8 /* AddPhoneViewController.swift */,
				EBB3DEAB241E6227004247F8 /* PhoneViewController.swift */,
				EBB3DEAD241E6238004247F8 /* MessageViewController.swift */,
				EB2419A8242360B5007438D2 /* FirstEnterViewController.swift */,
				EBA7FFD72427BF6200DAACF6 /* MainViewController.swift */,
			);
			path = Views;
			sourceTree = "<group>";
		};
		EBB3DEA6241CBCC0004247F8 /* Service */ = {
			isa = PBXGroup;
			children = (
				EB93B27E241FE01A0082022E /* NetworkServiceAuth.swift */,
				EB2419AA24237C0F007438D2 /* NetworkServiceAccount.swift */,
				EB03505E242A230600BADCE1 /* NetworkServiceChangePhone.swift */,
			);
			path = Service;
			sourceTree = "<group>";
		};
/* End PBXGroup section */

/* Begin PBXNativeTarget section */
		EBB3DE89241CA28F004247F8 /* VladLink */ = {
			isa = PBXNativeTarget;
			buildConfigurationList = EBB3DE9E241CA295004247F8 /* Build configuration list for PBXNativeTarget "VladLink" */;
			buildPhases = (
				EBB3DE86241CA28F004247F8 /* Sources */,
				EBB3DE87241CA28F004247F8 /* Frameworks */,
				EBB3DE88241CA28F004247F8 /* Resources */,
			);
			buildRules = (
			);
			dependencies = (
			);
			name = VladLink;
			productName = VladLink;
			productReference = EBB3DE8A241CA28F004247F8 /* VladLink.app */;
			productType = "com.apple.product-type.application";
		};
/* End PBXNativeTarget section */

/* Begin PBXProject section */
		EBB3DE82241CA28F004247F8 /* Project object */ = {
			isa = PBXProject;
			attributes = {
				LastSwiftUpdateCheck = 1130;
				LastUpgradeCheck = 1130;
				ORGANIZATIONNAME = "Svyatoslav Vladimirovich";
				TargetAttributes = {
					EBB3DE89241CA28F004247F8 = {
						CreatedOnToolsVersion = 11.3.1;
					};
				};
			};
			buildConfigurationList = EBB3DE85241CA28F004247F8 /* Build configuration list for PBXProject "VladLink" */;
			compatibilityVersion = "Xcode 9.3";
			developmentRegion = en;
			hasScannedForEncodings = 0;
			knownRegions = (
				en,
				Base,
			);
			mainGroup = EBB3DE81241CA28F004247F8;
			productRefGroup = EBB3DE8B241CA28F004247F8 /* Products */;
			projectDirPath = "";
			projectRoot = "";
			targets = (
				EBB3DE89241CA28F004247F8 /* VladLink */,
			);
		};
/* End PBXProject section */

/* Begin PBXResourcesBuildPhase section */
		EBB3DE88241CA28F004247F8 /* Resources */ = {
			isa = PBXResourcesBuildPhase;
			buildActionMask = 2147483647;
			files = (
				EBA7FFDD2427CC3000DAACF6 /* PhoneCell.xib in Resources */,
				EBA7FFE12427D9A800DAACF6 /* MainBillCell.xib in Resources */,
				EB2419DB2424F003007438D2 /* BillCell.xib in Resources */,
				EBA7FFE52427DA3A00DAACF6 /* MainButtonCell.xib in Resources */,
				EBB3DE9A241CA295004247F8 /* LaunchScreen.storyboard in Resources */,
				EBB3DE97241CA295004247F8 /* Assets.xcassets in Resources */,
				EB2419E42426197C007438D2 /* ButtonsCell.xib in Resources */,
				EBB3DE95241CA28F004247F8 /* Main.storyboard in Resources */,
				EB2419E824261D4B007438D2 /* LabelsCell.xib in Resources */,
			);
			runOnlyForDeploymentPostprocessing = 0;
		};
/* End PBXResourcesBuildPhase section */

/* Begin PBXSourcesBuildPhase section */
		EBB3DE86241CA28F004247F8 /* Sources */ = {
			isa = PBXSourcesBuildPhase;
			buildActionMask = 2147483647;
			files = (
				EB03505F242A230600BADCE1 /* NetworkServiceChangePhone.swift in Sources */,
				EB2419DA2424F003007438D2 /* BillCell.swift in Sources */,
				EB93B27F241FE01A0082022E /* NetworkServiceAuth.swift in Sources */,
				EBB3DE92241CA28F004247F8 /* GreetingViewController.swift in Sources */,
				EBB3DEAC241E6227004247F8 /* PhoneViewController.swift in Sources */,
				EBA7FFDC2427CC3000DAACF6 /* PhoneCell.swift in Sources */,
				EB2419E32426197C007438D2 /* ButtonsCell.swift in Sources */,
				EBB3DEA8241CE3B3004247F8 /* AddPhoneViewController.swift in Sources */,
				EB2419E724261D4B007438D2 /* LabelsCell.swift in Sources */,
				EB2419AB24237C0F007438D2 /* NetworkServiceAccount.swift in Sources */,
				EBB3DE8E241CA28F004247F8 /* AppDelegate.swift in Sources */,
				EBA7FFE02427D9A800DAACF6 /* MainBillCell.swift in Sources */,
				EBA7FFD82427BF6200DAACF6 /* MainViewController.swift in Sources */,
				EB2419A9242360B5007438D2 /* FirstEnterViewController.swift in Sources */,
				EB2419AD2423A274007438D2 /* BillsModel.swift in Sources */,
				EBB3DEAE241E6238004247F8 /* MessageViewController.swift in Sources */,
				EB93B27D241F991E0082022E /* PersonModel.swift in Sources */,
				EBA7FFE42427DA3A00DAACF6 /* MainButtonCell.swift in Sources */,
				EBB3DE90241CA28F004247F8 /* SceneDelegate.swift in Sources */,
			);
			runOnlyForDeploymentPostprocessing = 0;
		};
/* End PBXSourcesBuildPhase section */

/* Begin PBXVariantGroup section */
		EBB3DE93241CA28F004247F8 /* Main.storyboard */ = {
			isa = PBXVariantGroup;
			children = (
				EBB3DE94241CA28F004247F8 /* Base */,
			);
			name = Main.storyboard;
			sourceTree = "<group>";
		};
		EBB3DE98241CA295004247F8 /* LaunchScreen.storyboard */ = {
			isa = PBXVariantGroup;
			children = (
				EBB3DE99241CA295004247F8 /* Base */,
			);
			name = LaunchScreen.storyboard;
			sourceTree = "<group>";
		};
/* End PBXVariantGroup section */

/* Begin XCBuildConfiguration section */
		EBB3DE9C241CA295004247F8 /* Debug */ = {
			isa = XCBuildConfiguration;
			buildSettings = {
				ALWAYS_SEARCH_USER_PATHS = NO;
				CLANG_ANALYZER_NONNULL = YES;
				CLANG_ANALYZER_NUMBER_OBJECT_CONVERSION = YES_AGGRESSIVE;
				CLANG_CXX_LANGUAGE_STANDARD = "gnu++14";
				CLANG_CXX_LIBRARY = "libc++";
				CLANG_ENABLE_MODULES = YES;
				CLANG_ENABLE_OBJC_ARC = YES;
				CLANG_ENABLE_OBJC_WEAK = YES;
				CLANG_WARN_BLOCK_CAPTURE_AUTORELEASING = YES;
				CLANG_WARN_BOOL_CONVERSION = YES;
				CLANG_WARN_COMMA = YES;
				CLANG_WARN_CONSTANT_CONVERSION = YES;
				CLANG_WARN_DEPRECATED_OBJC_IMPLEMENTATIONS = YES;
				CLANG_WARN_DIRECT_OBJC_ISA_USAGE = YES_ERROR;
				CLANG_WARN_DOCUMENTATION_COMMENTS = YES;
				CLANG_WARN_EMPTY_BODY = YES;
				CLANG_WARN_ENUM_CONVERSION = YES;
				CLANG_WARN_INFINITE_RECURSION = YES;
				CLANG_WARN_INT_CONVERSION = YES;
				CLANG_WARN_NON_LITERAL_NULL_CONVERSION = YES;
				CLANG_WARN_OBJC_IMPLICIT_RETAIN_SELF = YES;
				CLANG_WARN_OBJC_LITERAL_CONVERSION = YES;
				CLANG_WARN_OBJC_ROOT_CLASS = YES_ERROR;
				CLANG_WARN_RANGE_LOOP_ANALYSIS = YES;
				CLANG_WARN_STRICT_PROTOTYPES = YES;
				CLANG_WARN_SUSPICIOUS_MOVE = YES;
				CLANG_WARN_UNGUARDED_AVAILABILITY = YES_AGGRESSIVE;
				CLANG_WARN_UNREACHABLE_CODE = YES;
				CLANG_WARN__DUPLICATE_METHOD_MATCH = YES;
				COPY_PHASE_STRIP = NO;
				DEBUG_INFORMATION_FORMAT = dwarf;
				ENABLE_STRICT_OBJC_MSGSEND = YES;
				ENABLE_TESTABILITY = YES;
				GCC_C_LANGUAGE_STANDARD = gnu11;
				GCC_DYNAMIC_NO_PIC = NO;
				GCC_NO_COMMON_BLOCKS = YES;
				GCC_OPTIMIZATION_LEVEL = 0;
				GCC_PREPROCESSOR_DEFINITIONS = (
					"DEBUG=1",
					"$(inherited)",
				);
				GCC_WARN_64_TO_32_BIT_CONVERSION = YES;
				GCC_WARN_ABOUT_RETURN_TYPE = YES_ERROR;
				GCC_WARN_UNDECLARED_SELECTOR = YES;
				GCC_WARN_UNINITIALIZED_AUTOS = YES_AGGRESSIVE;
				GCC_WARN_UNUSED_FUNCTION = YES;
				GCC_WARN_UNUSED_VARIABLE = YES;
				IPHONEOS_DEPLOYMENT_TARGET = 13.2;
				MTL_ENABLE_DEBUG_INFO = INCLUDE_SOURCE;
				MTL_FAST_MATH = YES;
				ONLY_ACTIVE_ARCH = YES;
				SDKROOT = iphoneos;
				SWIFT_ACTIVE_COMPILATION_CONDITIONS = DEBUG;
				SWIFT_OPTIMIZATION_LEVEL = "-Onone";
			};
			name = Debug;
		};
		EBB3DE9D241CA295004247F8 /* Release */ = {
			isa = XCBuildConfiguration;
			buildSettings = {
				ALWAYS_SEARCH_USER_PATHS = NO;
				CLANG_ANALYZER_NONNULL = YES;
				CLANG_ANALYZER_NUMBER_OBJECT_CONVERSION = YES_AGGRESSIVE;
				CLANG_CXX_LANGUAGE_STANDARD = "gnu++14";
				CLANG_CXX_LIBRARY = "libc++";
				CLANG_ENABLE_MODULES = YES;
				CLANG_ENABLE_OBJC_ARC = YES;
				CLANG_ENABLE_OBJC_WEAK = YES;
				CLANG_WARN_BLOCK_CAPTURE_AUTORELEASING = YES;
				CLANG_WARN_BOOL_CONVERSION = YES;
				CLANG_WARN_COMMA = YES;
				CLANG_WARN_CONSTANT_CONVERSION = YES;
				CLANG_WARN_DEPRECATED_OBJC_IMPLEMENTATIONS = YES;
				CLANG_WARN_DIRECT_OBJC_ISA_USAGE = YES_ERROR;
				CLANG_WARN_DOCUMENTATION_COMMENTS = YES;
				CLANG_WARN_EMPTY_BODY = YES;
				CLANG_WARN_ENUM_CONVERSION = YES;
				CLANG_WARN_INFINITE_RECURSION = YES;
				CLANG_WARN_INT_CONVERSION = YES;
				CLANG_WARN_NON_LITERAL_NULL_CONVERSION = YES;
				CLANG_WARN_OBJC_IMPLICIT_RETAIN_SELF = YES;
				CLANG_WARN_OBJC_LITERAL_CONVERSION = YES;
				CLANG_WARN_OBJC_ROOT_CLASS = YES_ERROR;
				CLANG_WARN_RANGE_LOOP_ANALYSIS = YES;
				CLANG_WARN_STRICT_PROTOTYPES = YES;
				CLANG_WARN_SUSPICIOUS_MOVE = YES;
				CLANG_WARN_UNGUARDED_AVAILABILITY = YES_AGGRESSIVE;
				CLANG_WARN_UNREACHABLE_CODE = YES;
				CLANG_WARN__DUPLICATE_METHOD_MATCH = YES;
				COPY_PHASE_STRIP = NO;
				DEBUG_INFORMATION_FORMAT = "dwarf-with-dsym";
				ENABLE_NS_ASSERTIONS = NO;
				ENABLE_STRICT_OBJC_MSGSEND = YES;
				GCC_C_LANGUAGE_STANDARD = gnu11;
				GCC_NO_COMMON_BLOCKS = YES;
				GCC_WARN_64_TO_32_BIT_CONVERSION = YES;
				GCC_WARN_ABOUT_RETURN_TYPE = YES_ERROR;
				GCC_WARN_UNDECLARED_SELECTOR = YES;
				GCC_WARN_UNINITIALIZED_AUTOS = YES_AGGRESSIVE;
				GCC_WARN_UNUSED_FUNCTION = YES;
				GCC_WARN_UNUSED_VARIABLE = YES;
				IPHONEOS_DEPLOYMENT_TARGET = 13.2;
				MTL_ENABLE_DEBUG_INFO = NO;
				MTL_FAST_MATH = YES;
				SDKROOT = iphoneos;
				SWIFT_COMPILATION_MODE = wholemodule;
				SWIFT_OPTIMIZATION_LEVEL = "-O";
				VALIDATE_PRODUCT = YES;
			};
			name = Release;
		};
		EBB3DE9F241CA295004247F8 /* Debug */ = {
			isa = XCBuildConfiguration;
			buildSettings = {
				ASSETCATALOG_COMPILER_APPICON_NAME = AppIcon;
				CODE_SIGN_STYLE = Automatic;
				DEVELOPMENT_TEAM = NA6VF3HCZ5;
				INFOPLIST_FILE = VladLink/Info.plist;
				LD_RUNPATH_SEARCH_PATHS = (
					"$(inherited)",
					"@executable_path/Frameworks",
				);
				PRODUCT_BUNDLE_IDENTIFIER = ss.VladLink;
				PRODUCT_NAME = "$(TARGET_NAME)";
				SWIFT_VERSION = 5.0;
				TARGETED_DEVICE_FAMILY = "1,2";
			};
			name = Debug;
		};
		EBB3DEA0241CA295004247F8 /* Release */ = {
			isa = XCBuildConfiguration;
			buildSettings = {
				ASSETCATALOG_COMPILER_APPICON_NAME = AppIcon;
				CODE_SIGN_STYLE = Automatic;
				DEVELOPMENT_TEAM = NA6VF3HCZ5;
				INFOPLIST_FILE = VladLink/Info.plist;
				LD_RUNPATH_SEARCH_PATHS = (
					"$(inherited)",
					"@executable_path/Frameworks",
				);
				PRODUCT_BUNDLE_IDENTIFIER = ss.VladLink;
				PRODUCT_NAME = "$(TARGET_NAME)";
				SWIFT_VERSION = 5.0;
				TARGETED_DEVICE_FAMILY = "1,2";
			};
			name = Release;
		};
/* End XCBuildConfiguration section */

/* Begin XCConfigurationList section */
		EBB3DE85241CA28F004247F8 /* Build configuration list for PBXProject "VladLink" */ = {
			isa = XCConfigurationList;
			buildConfigurations = (
				EBB3DE9C241CA295004247F8 /* Debug */,
				EBB3DE9D241CA295004247F8 /* Release */,
			);
			defaultConfigurationIsVisible = 0;
			defaultConfigurationName = Release;
		};
		EBB3DE9E241CA295004247F8 /* Build configuration list for PBXNativeTarget "VladLink" */ = {
			isa = XCConfigurationList;
			buildConfigurations = (
				EBB3DE9F241CA295004247F8 /* Debug */,
				EBB3DEA0241CA295004247F8 /* Release */,
			);
			defaultConfigurationIsVisible = 0;
			defaultConfigurationName = Release;
		};
/* End XCConfigurationList section */
	};
	rootObject = EBB3DE82241CA28F004247F8 /* Project object */;
}
